// !$*UTF8*$!
{
	archiveVersion = 1;
	classes = {
	};
	objectVersion = 48;
	objects = {

/* Begin PBXBuildFile section */
		535A9A42202A33D500693EAF /* ArrayTester.cpp in Sources */ = {isa = PBXBuildFile; fileRef = 535A9A40202A33D500693EAF /* ArrayTester.cpp */; };
		535CAB732022452B003E2BB2 /* Runner.cpp in Sources */ = {isa = PBXBuildFile; fileRef = 535CAB722022452B003E2BB2 /* Runner.cpp */; };
		535CAB7720224551003E2BB2 /* Controller.cpp in Sources */ = {isa = PBXBuildFile; fileRef = 535CAB7520224551003E2BB2 /* Controller.cpp */; };
		535CAB7B202246BF003E2BB2 /* Timer.cpp in Sources */ = {isa = PBXBuildFile; fileRef = 535CAB79202246BF003E2BB2 /* Timer.cpp */; };
		535CAB7E20224F02003E2BB2 /* FileController.cpp in Sources */ = {isa = PBXBuildFile; fileRef = 535CAB7C20224F02003E2BB2 /* FileController.cpp */; };
		535CAB8120224F87003E2BB2 /* CrimeData.cpp in Sources */ = {isa = PBXBuildFile; fileRef = 535CAB7F20224F87003E2BB2 /* CrimeData.cpp */; };
		53BAA9E32034BB13003FC744 /* LinkedListTester.cpp in Sources */ = {isa = PBXBuildFile; fileRef = 53BAA9E12034BB13003FC744 /* LinkedListTester.cpp */; };
/* End PBXBuildFile section */

/* Begin PBXCopyFilesBuildPhase section */
		53C925AD2022439100107FC5 /* CopyFiles */ = {
			isa = PBXCopyFilesBuildPhase;
			buildActionMask = 2147483647;
			dstPath = /usr/share/man/man1/;
			dstSubfolderSpec = 0;
			files = (
			);
			runOnlyForDeploymentPostprocessing = 1;
		};
/* End PBXCopyFilesBuildPhase section */

/* Begin PBXFileReference section */
		533B77B52024F3D3006C221E /* Array.hpp */ = {isa = PBXFileReference; lastKnownFileType = sourcecode.cpp.h; path = Array.hpp; sourceTree = "<group>"; };
		535A9A3D202A2C5400693EAF /* Node.hpp */ = {isa = PBXFileReference; lastKnownFileType = sourcecode.cpp.h; path = Node.hpp; sourceTree = "<group>"; };
		535A9A40202A33D500693EAF /* ArrayTester.cpp */ = {isa = PBXFileReference; lastKnownFileType = sourcecode.cpp.cpp; path = ArrayTester.cpp; sourceTree = "<group>"; };
		535A9A41202A33D500693EAF /* ArrayTester.hpp */ = {isa = PBXFileReference; lastKnownFileType = sourcecode.cpp.h; path = ArrayTester.hpp; sourceTree = "<group>"; };
		535CAB722022452B003E2BB2 /* Runner.cpp */ = {isa = PBXFileReference; lastKnownFileType = sourcecode.cpp.cpp; path = Runner.cpp; sourceTree = "<group>"; };
		535CAB7520224551003E2BB2 /* Controller.cpp */ = {isa = PBXFileReference; lastKnownFileType = sourcecode.cpp.cpp; path = Controller.cpp; sourceTree = "<group>"; };
		535CAB7620224551003E2BB2 /* Controller.hpp */ = {isa = PBXFileReference; lastKnownFileType = sourcecode.cpp.h; path = Controller.hpp; sourceTree = "<group>"; };
		535CAB79202246BF003E2BB2 /* Timer.cpp */ = {isa = PBXFileReference; lastKnownFileType = sourcecode.cpp.cpp; path = Timer.cpp; sourceTree = "<group>"; };
		535CAB7A202246BF003E2BB2 /* Timer.hpp */ = {isa = PBXFileReference; lastKnownFileType = sourcecode.cpp.h; path = Timer.hpp; sourceTree = "<group>"; };
		535CAB7C20224F02003E2BB2 /* FileController.cpp */ = {isa = PBXFileReference; lastKnownFileType = sourcecode.cpp.cpp; path = FileController.cpp; sourceTree = "<group>"; };
		535CAB7D20224F02003E2BB2 /* FileController.hpp */ = {isa = PBXFileReference; lastKnownFileType = sourcecode.cpp.h; path = FileController.hpp; sourceTree = "<group>"; };
		535CAB7F20224F87003E2BB2 /* CrimeData.cpp */ = {isa = PBXFileReference; lastKnownFileType = sourcecode.cpp.cpp; path = CrimeData.cpp; sourceTree = "<group>"; };
		535CAB8020224F87003E2BB2 /* CrimeData.hpp */ = {isa = PBXFileReference; lastKnownFileType = sourcecode.cpp.h; path = CrimeData.hpp; sourceTree = "<group>"; };
		535CAB8220225133003E2BB2 /* crime.csv */ = {isa = PBXFileReference; lastKnownFileType = text; path = crime.csv; sourceTree = "<group>"; };
		538DB57E202CE0AE00B6B91A /* List.hpp */ = {isa = PBXFileReference; lastKnownFileType = sourcecode.cpp.h; path = List.hpp; sourceTree = "<group>"; };
		538DB580202CE1F300B6B91A /* Node.uxf */ = {isa = PBXFileReference; fileEncoding = 4; lastKnownFileType = text.xml; path = Node.uxf; sourceTree = "<group>"; };
		538DB582202CE20700B6B91A /* LinearNode.hpp */ = {isa = PBXFileReference; lastKnownFileType = sourcecode.cpp.h; path = LinearNode.hpp; sourceTree = "<group>"; };
		53BAA9E12034BB13003FC744 /* LinkedListTester.cpp */ = {isa = PBXFileReference; lastKnownFileType = sourcecode.cpp.cpp; path = LinkedListTester.cpp; sourceTree = "<group>"; };
		53BAA9E22034BB13003FC744 /* LinkedListTester.hpp */ = {isa = PBXFileReference; lastKnownFileType = sourcecode.cpp.h; path = LinkedListTester.hpp; sourceTree = "<group>"; };
		53BAA9E52034BCE4003FC744 /* LinkedList.hpp */ = {isa = PBXFileReference; lastKnownFileType = sourcecode.cpp.h; path = LinkedList.hpp; sourceTree = "<group>"; };
		53C925AF2022439100107FC5 /* DataStructures */ = {isa = PBXFileReference; explicitFileType = "compiled.mach-o.executable"; includeInIndex = 0; path = DataStructures; sourceTree = BUILT_PRODUCTS_DIR; };
/* End PBXFileReference section */

/* Begin PBXFrameworksBuildPhase section */
		53C925AC2022439100107FC5 /* Frameworks */ = {
			isa = PBXFrameworksBuildPhase;
			buildActionMask = 2147483647;
			files = (
			);
			runOnlyForDeploymentPostprocessing = 0;
		};
/* End PBXFrameworksBuildPhase section */

/* Begin PBXGroup section */
		535A9A3B202A2C3900693EAF /* Nodes */ = {
			isa = PBXGroup;
			children = (
				538DB580202CE1F300B6B91A /* Node.uxf */,
				535A9A3D202A2C5400693EAF /* Node.hpp */,
				538DB582202CE20700B6B91A /* LinearNode.hpp */,
			);
			path = Nodes;
			sourceTree = "<group>";
		};
		535A9A3F202A33A600693EAF /* Testers */ = {
			isa = PBXGroup;
			children = (
				535A9A40202A33D500693EAF /* ArrayTester.cpp */,
				535A9A41202A33D500693EAF /* ArrayTester.hpp */,
				53BAA9E12034BB13003FC744 /* LinkedListTester.cpp */,
				53BAA9E22034BB13003FC744 /* LinkedListTester.hpp */,
			);
			path = Testers;
			sourceTree = "<group>";
		};
		535CAB6F20224503003E2BB2 /* Controller */ = {
			isa = PBXGroup;
			children = (
				535CAB7520224551003E2BB2 /* Controller.cpp */,
				535CAB7620224551003E2BB2 /* Controller.hpp */,
				535CAB7C20224F02003E2BB2 /* FileController.cpp */,
				535CAB7D20224F02003E2BB2 /* FileController.hpp */,
				535CAB78202246A6003E2BB2 /* Tools */,
			);
			path = Controller;
			sourceTree = "<group>";
		};
		535CAB7020224514003E2BB2 /* Data */ = {
			isa = PBXGroup;
			children = (
				535CAB7F20224F87003E2BB2 /* CrimeData.cpp */,
				535CAB8020224F87003E2BB2 /* CrimeData.hpp */,
				535CAB8220225133003E2BB2 /* crime.csv */,
			);
			path = Data;
			sourceTree = "<group>";
		};
		535CAB712022451A003E2BB2 /* Diagrams */ = {
			isa = PBXGroup;
			children = (
			);
			path = Diagrams;
			sourceTree = "<group>";
		};
		535CAB78202246A6003E2BB2 /* Tools */ = {
			isa = PBXGroup;
			children = (
				535CAB79202246BF003E2BB2 /* Timer.cpp */,
				535CAB7A202246BF003E2BB2 /* Timer.hpp */,
			);
			path = Tools;
			sourceTree = "<group>";
		};
		535CAB8320225961003E2BB2 /* Structures */ = {
			isa = PBXGroup;
			children = (
				533B77B52024F3D3006C221E /* Array.hpp */,
				538DB57E202CE0AE00B6B91A /* List.hpp */,
				53BAA9E52034BCE4003FC744 /* LinkedList.hpp */,
			);
			path = Structures;
			sourceTree = "<group>";
		};
		53C925A62022439100107FC5 = {
			isa = PBXGroup;
			children = (
				53C925B12022439100107FC5 /* DataStructures */,
				53C925B02022439100107FC5 /* Products */,
				53C925B92022443700107FC5 /* Diagrams */,
			);
			sourceTree = "<group>";
		};
		53C925B02022439100107FC5 /* Products */ = {
			isa = PBXGroup;
			children = (
				53C925AF2022439100107FC5 /* DataStructures */,
			);
			name = Products;
			sourceTree = "<group>";
		};
		53C925B12022439100107FC5 /* DataStructures */ = {
			isa = PBXGroup;
			children = (
				535A9A3F202A33A600693EAF /* Testers */,
				535CAB722022452B003E2BB2 /* Runner.cpp */,
				535CAB712022451A003E2BB2 /* Diagrams */,
				535CAB7020224514003E2BB2 /* Data */,
				535CAB6F20224503003E2BB2 /* Controller */,
				53C925BC2022446300107FC5 /* Model */,
			);
			path = DataStructures;
			sourceTree = "<group>";
		};
		53C925B92022443700107FC5 /* Diagrams */ = {
			isa = PBXGroup;
			children = (
			);
			path = Diagrams;
			sourceTree = "<group>";
		};
		53C925BC2022446300107FC5 /* Model */ = {
			isa = PBXGroup;
			children = (
				535A9A3B202A2C3900693EAF /* Nodes */,
				535CAB8320225961003E2BB2 /* Structures */,
			);
			path = Model;
			sourceTree = "<group>";
		};
/* End PBXGroup section */

/* Begin PBXNativeTarget section */
		53C925AE2022439100107FC5 /* DataStructures */ = {
			isa = PBXNativeTarget;
			buildConfigurationList = 53C925B62022439100107FC5 /* Build configuration list for PBXNativeTarget "DataStructures" */;
			buildPhases = (
				53C925AB2022439100107FC5 /* Sources */,
				53C925AC2022439100107FC5 /* Frameworks */,
				53C925AD2022439100107FC5 /* CopyFiles */,
			);
			buildRules = (
			);
			dependencies = (
			);
			name = DataStructures;
			productName = DataStructures;
			productReference = 53C925AF2022439100107FC5 /* DataStructures */;
			productType = "com.apple.product-type.tool";
		};
/* End PBXNativeTarget section */

/* Begin PBXProject section */
		53C925A72022439100107FC5 /* Project object */ = {
			isa = PBXProject;
			attributes = {
				LastUpgradeCheck = 0900;
				ORGANIZATIONNAME = "Lamb, Isaac";
				TargetAttributes = {
					53C925AE2022439100107FC5 = {
						CreatedOnToolsVersion = 9.0;
						ProvisioningStyle = Automatic;
					};
				};
			};
			buildConfigurationList = 53C925AA2022439100107FC5 /* Build configuration list for PBXProject "DataStructures" */;
			compatibilityVersion = "Xcode 8.0";
			developmentRegion = en;
			hasScannedForEncodings = 0;
			knownRegions = (
				en,
			);
			mainGroup = 53C925A62022439100107FC5;
			productRefGroup = 53C925B02022439100107FC5 /* Products */;
			projectDirPath = "";
			projectRoot = "";
			targets = (
				53C925AE2022439100107FC5 /* DataStructures */,
			);
		};
/* End PBXProject section */

/* Begin PBXSourcesBuildPhase section */
		53C925AB2022439100107FC5 /* Sources */ = {
			isa = PBXSourcesBuildPhase;
			buildActionMask = 2147483647;
			files = (
				535CAB7B202246BF003E2BB2 /* Timer.cpp in Sources */,
				535CAB8120224F87003E2BB2 /* CrimeData.cpp in Sources */,
				535CAB732022452B003E2BB2 /* Runner.cpp in Sources */,
				535CAB7720224551003E2BB2 /* Controller.cpp in Sources */,
				53BAA9E32034BB13003FC744 /* LinkedListTester.cpp in Sources */,
				535A9A42202A33D500693EAF /* ArrayTester.cpp in Sources */,
				535CAB7E20224F02003E2BB2 /* FileController.cpp in Sources */,
			);
			runOnlyForDeploymentPostprocessing = 0;
		};
/* End PBXSourcesBuildPhase section */

/* Begin XCBuildConfiguration section */
		53C925B42022439100107FC5 /* Debug */ = {
			isa = XCBuildConfiguration;
			buildSettings = {
				ALWAYS_SEARCH_USER_PATHS = NO;
				CLANG_ANALYZER_NONNULL = YES;
				CLANG_ANALYZER_NUMBER_OBJECT_CONVERSION = YES_AGGRESSIVE;
				CLANG_CXX_LANGUAGE_STANDARD = "gnu++14";
				CLANG_CXX_LIBRARY = "libc++";
				CLANG_ENABLE_MODULES = YES;
				CLANG_ENABLE_OBJC_ARC = YES;
				CLANG_WARN_BLOCK_CAPTURE_AUTORELEASING = YES;
				CLANG_WARN_BOOL_CONVERSION = YES;
				CLANG_WARN_COMMA = YES;
				CLANG_WARN_CONSTANT_CONVERSION = YES;
				CLANG_WARN_DIRECT_OBJC_ISA_USAGE = YES_ERROR;
				CLANG_WARN_DOCUMENTATION_COMMENTS = YES;
				CLANG_WARN_EMPTY_BODY = YES;
				CLANG_WARN_ENUM_CONVERSION = YES;
				CLANG_WARN_INFINITE_RECURSION = YES;
				CLANG_WARN_INT_CONVERSION = YES;
				CLANG_WARN_NON_LITERAL_NULL_CONVERSION = YES;
				CLANG_WARN_OBJC_LITERAL_CONVERSION = YES;
				CLANG_WARN_OBJC_ROOT_CLASS = YES_ERROR;
				CLANG_WARN_RANGE_LOOP_ANALYSIS = YES;
				CLANG_WARN_STRICT_PROTOTYPES = YES;
				CLANG_WARN_SUSPICIOUS_MOVE = YES;
				CLANG_WARN_UNGUARDED_AVAILABILITY = YES_AGGRESSIVE;
				CLANG_WARN_UNREACHABLE_CODE = YES;
				CLANG_WARN__DUPLICATE_METHOD_MATCH = YES;
				CODE_SIGN_IDENTITY = "-";
				COPY_PHASE_STRIP = NO;
				DEBUG_INFORMATION_FORMAT = dwarf;
				ENABLE_STRICT_OBJC_MSGSEND = YES;
				ENABLE_TESTABILITY = YES;
				GCC_C_LANGUAGE_STANDARD = gnu11;
				GCC_DYNAMIC_NO_PIC = NO;
				GCC_NO_COMMON_BLOCKS = YES;
				GCC_OPTIMIZATION_LEVEL = 0;
				GCC_PREPROCESSOR_DEFINITIONS = (
					"DEBUG=1",
					"$(inherited)",
				);
				GCC_WARN_64_TO_32_BIT_CONVERSION = YES;
				GCC_WARN_ABOUT_RETURN_TYPE = YES_ERROR;
				GCC_WARN_UNDECLARED_SELECTOR = YES;
				GCC_WARN_UNINITIALIZED_AUTOS = YES_AGGRESSIVE;
				GCC_WARN_UNUSED_FUNCTION = YES;
				GCC_WARN_UNUSED_VARIABLE = YES;
				MACOSX_DEPLOYMENT_TARGET = 10.12;
				MTL_ENABLE_DEBUG_INFO = YES;
				ONLY_ACTIVE_ARCH = YES;
				SDKROOT = macosx;
			};
			name = Debug;
		};
		53C925B52022439100107FC5 /* Release */ = {
			isa = XCBuildConfiguration;
			buildSettings = {
				ALWAYS_SEARCH_USER_PATHS = NO;
				CLANG_ANALYZER_NONNULL = YES;
				CLANG_ANALYZER_NUMBER_OBJECT_CONVERSION = YES_AGGRESSIVE;
				CLANG_CXX_LANGUAGE_STANDARD = "gnu++14";
				CLANG_CXX_LIBRARY = "libc++";
				CLANG_ENABLE_MODULES = YES;
				CLANG_ENABLE_OBJC_ARC = YES;
				CLANG_WARN_BLOCK_CAPTURE_AUTORELEASING = YES;
				CLANG_WARN_BOOL_CONVERSION = YES;
				CLANG_WARN_COMMA = YES;
				CLANG_WARN_CONSTANT_CONVERSION = YES;
				CLANG_WARN_DIRECT_OBJC_ISA_USAGE = YES_ERROR;
				CLANG_WARN_DOCUMENTATION_COMMENTS = YES;
				CLANG_WARN_EMPTY_BODY = YES;
				CLANG_WARN_ENUM_CONVERSION = YES;
				CLANG_WARN_INFINITE_RECURSION = YES;
				CLANG_WARN_INT_CONVERSION = YES;
				CLANG_WARN_NON_LITERAL_NULL_CONVERSION = YES;
				CLANG_WARN_OBJC_LITERAL_CONVERSION = YES;
				CLANG_WARN_OBJC_ROOT_CLASS = YES_ERROR;
				CLANG_WARN_RANGE_LOOP_ANALYSIS = YES;
				CLANG_WARN_STRICT_PROTOTYPES = YES;
				CLANG_WARN_SUSPICIOUS_MOVE = YES;
				CLANG_WARN_UNGUARDED_AVAILABILITY = YES_AGGRESSIVE;
				CLANG_WARN_UNREACHABLE_CODE = YES;
				CLANG_WARN__DUPLICATE_METHOD_MATCH = YES;
				CODE_SIGN_IDENTITY = "-";
				COPY_PHASE_STRIP = NO;
				DEBUG_INFORMATION_FORMAT = "dwarf-with-dsym";
				ENABLE_NS_ASSERTIONS = NO;
				ENABLE_STRICT_OBJC_MSGSEND = YES;
				GCC_C_LANGUAGE_STANDARD = gnu11;
				GCC_NO_COMMON_BLOCKS = YES;
				GCC_WARN_64_TO_32_BIT_CONVERSION = YES;
				GCC_WARN_ABOUT_RETURN_TYPE = YES_ERROR;
				GCC_WARN_UNDECLARED_SELECTOR = YES;
				GCC_WARN_UNINITIALIZED_AUTOS = YES_AGGRESSIVE;
				GCC_WARN_UNUSED_FUNCTION = YES;
				GCC_WARN_UNUSED_VARIABLE = YES;
				MACOSX_DEPLOYMENT_TARGET = 10.12;
				MTL_ENABLE_DEBUG_INFO = NO;
				SDKROOT = macosx;
			};
			name = Release;
		};
		53C925B72022439100107FC5 /* Debug */ = {
			isa = XCBuildConfiguration;
			buildSettings = {
				CODE_SIGN_STYLE = Automatic;
				PRODUCT_NAME = "$(TARGET_NAME)";
			};
			name = Debug;
		};
		53C925B82022439100107FC5 /* Release */ = {
			isa = XCBuildConfiguration;
			buildSettings = {
				CODE_SIGN_STYLE = Automatic;
				PRODUCT_NAME = "$(TARGET_NAME)";
			};
			name = Release;
		};
/* End XCBuildConfiguration section */

/* Begin XCConfigurationList section */
		53C925AA2022439100107FC5 /* Build configuration list for PBXProject "DataStructures" */ = {
			isa = XCConfigurationList;
			buildConfigurations = (
				53C925B42022439100107FC5 /* Debug */,
				53C925B52022439100107FC5 /* Release */,
			);
			defaultConfigurationIsVisible = 0;
			defaultConfigurationName = Release;
		};
		53C925B62022439100107FC5 /* Build configuration list for PBXNativeTarget "DataStructures" */ = {
			isa = XCConfigurationList;
			buildConfigurations = (
				53C925B72022439100107FC5 /* Debug */,
				53C925B82022439100107FC5 /* Release */,
			);
			defaultConfigurationIsVisible = 0;
			defaultConfigurationName = Release;
		};
/* End XCConfigurationList section */
	};
	rootObject = 53C925A72022439100107FC5 /* Project object */;
}
